
Microsoft Visual Studio Solution File, Format Version 12.00
# Visual Studio Version 17
VisualStudioVersion = 17.1.31911.260
MinimumVisualStudioVersion = 10.0.40219.1
Project("{9A19103F-16F7-4668-BE54-9A1E7A4F7556}") = "WebApp.NET5", "WebApp.NET5\WebApp.NET5.csproj", "{CDFB9A89-61E3-4C90-A704-287D78AA9BD2}"
EndProject
Project("{9A19103F-16F7-4668-BE54-9A1E7A4F7556}") = "WebApp.NET6", "WebApp.NET6\WebApp.NET6.csproj", "{120888A7-8082-4C51-A03D-A1DF5E7071CC}"
EndProject
Project("{9A19103F-16F7-4668-BE54-9A1E7A4F7556}") = "WebApi.NET5", "WebApi.NET5\WebApi.NET5.csproj", "{365F944E-19D9-4462-B308-66655986E542}"
EndProject
Project("{9A19103F-16F7-4668-BE54-9A1E7A4F7556}") = "WebApi.NET6", "WebApo.NET6\WebApi.NET6.csproj", "{71E912E9-03C2-4B1F-9C32-00450DD32C3A}"
EndProject
Project("{9A19103F-16F7-4668-BE54-9A1E7A4F7556}") = "AspNetCoreEmpty", "AspNetCoreEmpty\AspNetCoreEmpty.csproj", "{DFA444CE-ED9D-4641-B0B7-7001892073C1}"
EndProject
Project("{9A19103F-16F7-4668-BE54-9A1E7A4F7556}") = "WebApi.NET6.Minimal", "WebApi.NET6.Minimal\WebApi.NET6.Minimal.csproj", "{EE2D1BC1-5E54-4ED0-8DB3-638DDA20472C}"
EndProject
Project("{2150E333-8FDC-42A3-9474-1A3956D46DE8}") = "AsyncStreams", "AsyncStreams", "{61E90A82-8CBD-4897-96FD-97F3B4E6AD03}"
EndProject
Project("{9A19103F-16F7-4668-BE54-9A1E7A4F7556}") = "AsyncStreams", "AsyncStreams\AsyncStreams.csproj", "{98D7D5F1-90B4-4FF7-BACF-D5C5F3CEF55A}"
EndProject
Project("{9A19103F-16F7-4668-BE54-9A1E7A4F7556}") = "ASPNetCore_NET5", "ASPNetCore_NET5\ASPNetCore_NET5.csproj", "{7F4C4603-2731-4852-B371-09BB37654154}"
EndProject
Project("{9A19103F-16F7-4668-BE54-9A1E7A4F7556}") = "ASPNetCore_NET6", "ASPNetCore_NET6\ASPNetCore_NET6.csproj", "{601025FE-F7A6-4A32-987C-508C6D5136FC}"
EndProject
Project("{9A19103F-16F7-4668-BE54-9A1E7A4F7556}") = "BlazorUI", "BlazorUI\BlazorUI.csproj", "{959FB19B-4CCF-4F1F-B79B-1C1439025100}"
EndProject
Project("{2150E333-8FDC-42A3-9474-1A3956D46DE8}") = "SPA", "SPA", "{5F3D9D42-86F7-4F90-BBA4-543384E28AB1}"
EndProject
Project("{54A90642-561A-4BB1-A94E-469ADEE60C69}") = "weatherapp-react", "SPA\weatherapp-react\weatherapp-react.esproj", "{4EC087D3-08E9-481D-8918-0E918E6E7B02}"
EndProject
Global
	GlobalSection(SolutionConfigurationPlatforms) = preSolution
		Debug|Any CPU = Debug|Any CPU
		Release|Any CPU = Release|Any CPU
	EndGlobalSection
	GlobalSection(ProjectConfigurationPlatforms) = postSolution
		{CDFB9A89-61E3-4C90-A704-287D78AA9BD2}.Debug|Any CPU.ActiveCfg = Debug|Any CPU
		{CDFB9A89-61E3-4C90-A704-287D78AA9BD2}.Debug|Any CPU.Build.0 = Debug|Any CPU
		{CDFB9A89-61E3-4C90-A704-287D78AA9BD2}.Release|Any CPU.ActiveCfg = Release|Any CPU
		{CDFB9A89-61E3-4C90-A704-287D78AA9BD2}.Release|Any CPU.Build.0 = Release|Any CPU
		{120888A7-8082-4C51-A03D-A1DF5E7071CC}.Debug|Any CPU.ActiveCfg = Debug|Any CPU
		{120888A7-8082-4C51-A03D-A1DF5E7071CC}.Debug|Any CPU.Build.0 = Debug|Any CPU
		{120888A7-8082-4C51-A03D-A1DF5E7071CC}.Release|Any CPU.ActiveCfg = Release|Any CPU
		{120888A7-8082-4C51-A03D-A1DF5E7071CC}.Release|Any CPU.Build.0 = Release|Any CPU
		{365F944E-19D9-4462-B308-66655986E542}.Debug|Any CPU.ActiveCfg = Debug|Any CPU
		{365F944E-19D9-4462-B308-66655986E542}.Debug|Any CPU.Build.0 = Debug|Any CPU
		{365F944E-19D9-4462-B308-66655986E542}.Release|Any CPU.ActiveCfg = Release|Any CPU
		{365F944E-19D9-4462-B308-66655986E542}.Release|Any CPU.Build.0 = Release|Any CPU
		{71E912E9-03C2-4B1F-9C32-00450DD32C3A}.Debug|Any CPU.ActiveCfg = Debug|Any CPU
		{71E912E9-03C2-4B1F-9C32-00450DD32C3A}.Debug|Any CPU.Build.0 = Debug|Any CPU
		{71E912E9-03C2-4B1F-9C32-00450DD32C3A}.Release|Any CPU.ActiveCfg = Release|Any CPU
		{71E912E9-03C2-4B1F-9C32-00450DD32C3A}.Release|Any CPU.Build.0 = Release|Any CPU
		{DFA444CE-ED9D-4641-B0B7-7001892073C1}.Debug|Any CPU.ActiveCfg = Debug|Any CPU
		{DFA444CE-ED9D-4641-B0B7-7001892073C1}.Debug|Any CPU.Build.0 = Debug|Any CPU
		{DFA444CE-ED9D-4641-B0B7-7001892073C1}.Release|Any CPU.ActiveCfg = Release|Any CPU
		{DFA444CE-ED9D-4641-B0B7-7001892073C1}.Release|Any CPU.Build.0 = Release|Any CPU
		{EE2D1BC1-5E54-4ED0-8DB3-638DDA20472C}.Debug|Any CPU.ActiveCfg = Debug|Any CPU
		{EE2D1BC1-5E54-4ED0-8DB3-638DDA20472C}.Debug|Any CPU.Build.0 = Debug|Any CPU
		{EE2D1BC1-5E54-4ED0-8DB3-638DDA20472C}.Release|Any CPU.ActiveCfg = Release|Any CPU
		{EE2D1BC1-5E54-4ED0-8DB3-638DDA20472C}.Release|Any CPU.Build.0 = Release|Any CPU
		{98D7D5F1-90B4-4FF7-BACF-D5C5F3CEF55A}.Debug|Any CPU.ActiveCfg = Debug|Any CPU
		{98D7D5F1-90B4-4FF7-BACF-D5C5F3CEF55A}.Debug|Any CPU.Build.0 = Debug|Any CPU
		{98D7D5F1-90B4-4FF7-BACF-D5C5F3CEF55A}.Release|Any CPU.ActiveCfg = Release|Any CPU
		{98D7D5F1-90B4-4FF7-BACF-D5C5F3CEF55A}.Release|Any CPU.Build.0 = Release|Any CPU
		{7F4C4603-2731-4852-B371-09BB37654154}.Debug|Any CPU.ActiveCfg = Debug|Any CPU
		{7F4C4603-2731-4852-B371-09BB37654154}.Debug|Any CPU.Build.0 = Debug|Any CPU
		{7F4C4603-2731-4852-B371-09BB37654154}.Release|Any CPU.ActiveCfg = Release|Any CPU
		{7F4C4603-2731-4852-B371-09BB37654154}.Release|Any CPU.Build.0 = Release|Any CPU
		{601025FE-F7A6-4A32-987C-508C6D5136FC}.Debug|Any CPU.ActiveCfg = Debug|Any CPU
		{601025FE-F7A6-4A32-987C-508C6D5136FC}.Debug|Any CPU.Build.0 = Debug|Any CPU
		{601025FE-F7A6-4A32-987C-508C6D5136FC}.Release|Any CPU.ActiveCfg = Release|Any CPU
		{601025FE-F7A6-4A32-987C-508C6D5136FC}.Release|Any CPU.Build.0 = Release|Any CPU
		{959FB19B-4CCF-4F1F-B79B-1C1439025100}.Debug|Any CPU.ActiveCfg = Debug|Any CPU
		{959FB19B-4CCF-4F1F-B79B-1C1439025100}.Debug|Any CPU.Build.0 = Debug|Any CPU
		{959FB19B-4CCF-4F1F-B79B-1C1439025100}.Release|Any CPU.ActiveCfg = Release|Any CPU
		{959FB19B-4CCF-4F1F-B79B-1C1439025100}.Release|Any CPU.Build.0 = Release|Any CPU
		{4EC087D3-08E9-481D-8918-0E918E6E7B02}.Debug|Any CPU.ActiveCfg = Debug|Any CPU
		{4EC087D3-08E9-481D-8918-0E918E6E7B02}.Debug|Any CPU.Build.0 = Debug|Any CPU
		{4EC087D3-08E9-481D-8918-0E918E6E7B02}.Debug|Any CPU.Deploy.0 = Debug|Any CPU
		{4EC087D3-08E9-481D-8918-0E918E6E7B02}.Release|Any CPU.ActiveCfg = Release|Any CPU
		{4EC087D3-08E9-481D-8918-0E918E6E7B02}.Release|Any CPU.Build.0 = Release|Any CPU
		{4EC087D3-08E9-481D-8918-0E918E6E7B02}.Release|Any CPU.Deploy.0 = Release|Any CPU
	EndGlobalSection
	GlobalSection(SolutionProperties) = preSolution
		HideSolutionNode = FALSE
	EndGlobalSection
	GlobalSection(NestedProjects) = preSolution
		{98D7D5F1-90B4-4FF7-BACF-D5C5F3CEF55A} = {61E90A82-8CBD-4897-96FD-97F3B4E6AD03}
		{7F4C4603-2731-4852-B371-09BB37654154} = {61E90A82-8CBD-4897-96FD-97F3B4E6AD03}
		{601025FE-F7A6-4A32-987C-508C6D5136FC} = {61E90A82-8CBD-4897-96FD-97F3B4E6AD03}
		{959FB19B-4CCF-4F1F-B79B-1C1439025100} = {61E90A82-8CBD-4897-96FD-97F3B4E6AD03}
		{4EC087D3-08E9-481D-8918-0E918E6E7B02} = {5F3D9D42-86F7-4F90-BBA4-543384E28AB1}
	EndGlobalSection
	GlobalSection(ExtensibilityGlobals) = postSolution
		SolutionGuid = {6DC6976F-6660-4CC4-A512-68A44E6DF6C1}
	EndGlobalSection
EndGlobal
